// !$*UTF8*$!
{
	archiveVersion = 1;
	classes = {
	};
	objectVersion = 50;
	objects = {

/* Begin PBXBuildFile section */
		5E97BD732140DC30007AD34C /* AppDelegate.swift in Sources */ = {isa = PBXBuildFile; fileRef = 5E97BD722140DC30007AD34C /* AppDelegate.swift */; };
		5E97BD752140DC30007AD34C /* ViewController.swift in Sources */ = {isa = PBXBuildFile; fileRef = 5E97BD742140DC30007AD34C /* ViewController.swift */; };
		5E97BD782140DC30007AD34C /* Main.storyboard in Resources */ = {isa = PBXBuildFile; fileRef = 5E97BD762140DC30007AD34C /* Main.storyboard */; };
		5E97BD7A2140DC31007AD34C /* Assets.xcassets in Resources */ = {isa = PBXBuildFile; fileRef = 5E97BD792140DC31007AD34C /* Assets.xcassets */; };
		5E97BD7D2140DC31007AD34C /* LaunchScreen.storyboard in Resources */ = {isa = PBXBuildFile; fileRef = 5E97BD7B2140DC31007AD34C /* LaunchScreen.storyboard */; };
		5E97BD882140DC31007AD34C /* TicTacToeTests.swift in Sources */ = {isa = PBXBuildFile; fileRef = 5E97BD872140DC31007AD34C /* TicTacToeTests.swift */; };
		5E97BD932140DC31007AD34C /* TicTacToeUITests.swift in Sources */ = {isa = PBXBuildFile; fileRef = 5E97BD922140DC31007AD34C /* TicTacToeUITests.swift */; };
/* End PBXBuildFile section */

/* Begin PBXContainerItemProxy section */
		5E97BD842140DC31007AD34C /* PBXContainerItemProxy */ = {
			isa = PBXContainerItemProxy;
			containerPortal = 5E97BD672140DC30007AD34C /* Project object */;
			proxyType = 1;
			remoteGlobalIDString = 5E97BD6E2140DC30007AD34C;
			remoteInfo = TicTacToe;
		};
		5E97BD8F2140DC31007AD34C /* PBXContainerItemProxy */ = {
			isa = PBXContainerItemProxy;
			containerPortal = 5E97BD672140DC30007AD34C /* Project object */;
			proxyType = 1;
			remoteGlobalIDString = 5E97BD6E2140DC30007AD34C;
			remoteInfo = TicTacToe;
		};
/* End PBXContainerItemProxy section */

/* Begin PBXFileReference section */
		5E97BD6F2140DC30007AD34C /* TicTacToe.app */ = {isa = PBXFileReference; explicitFileType = wrapper.application; includeInIndex = 0; path = TicTacToe.app; sourceTree = BUILT_PRODUCTS_DIR; };
		5E97BD722140DC30007AD34C /* AppDelegate.swift */ = {isa = PBXFileReference; lastKnownFileType = sourcecode.swift; path = AppDelegate.swift; sourceTree = "<group>"; };
		5E97BD742140DC30007AD34C /* ViewController.swift */ = {isa = PBXFileReference; lastKnownFileType = sourcecode.swift; path = ViewController.swift; sourceTree = "<group>"; };
		5E97BD772140DC30007AD34C /* Base */ = {isa = PBXFileReference; lastKnownFileType = file.storyboard; name = Base; path = Base.lproj/Main.storyboard; sourceTree = "<group>"; };
		5E97BD792140DC31007AD34C /* Assets.xcassets */ = {isa = PBXFileReference; lastKnownFileType = folder.assetcatalog; path = Assets.xcassets; sourceTree = "<group>"; };
		5E97BD7C2140DC31007AD34C /* Base */ = {isa = PBXFileReference; lastKnownFileType = file.storyboard; name = Base; path = Base.lproj/LaunchScreen.storyboard; sourceTree = "<group>"; };
		5E97BD7E2140DC31007AD34C /* Info.plist */ = {isa = PBXFileReference; lastKnownFileType = text.plist.xml; path = Info.plist; sourceTree = "<group>"; };
		5E97BD832140DC31007AD34C /* TicTacToeTests.xctest */ = {isa = PBXFileReference; explicitFileType = wrapper.cfbundle; includeInIndex = 0; path = TicTacToeTests.xctest; sourceTree = BUILT_PRODUCTS_DIR; };
		5E97BD872140DC31007AD34C /* TicTacToeTests.swift */ = {isa = PBXFileReference; lastKnownFileType = sourcecode.swift; path = TicTacToeTests.swift; sourceTree = "<group>"; };
		5E97BD892140DC31007AD34C /* Info.plist */ = {isa = PBXFileReference; lastKnownFileType = text.plist.xml; path = Info.plist; sourceTree = "<group>"; };
		5E97BD8E2140DC31007AD34C /* TicTacToeUITests.xctest */ = {isa = PBXFileReference; explicitFileType = wrapper.cfbundle; includeInIndex = 0; path = TicTacToeUITests.xctest; sourceTree = BUILT_PRODUCTS_DIR; };
		5E97BD922140DC31007AD34C /* TicTacToeUITests.swift */ = {isa = PBXFileReference; lastKnownFileType = sourcecode.swift; path = TicTacToeUITests.swift; sourceTree = "<group>"; };
		5E97BD942140DC31007AD34C /* Info.plist */ = {isa = PBXFileReference; lastKnownFileType = text.plist.xml; path = Info.plist; sourceTree = "<group>"; };
/* End PBXFileReference section */

/* Begin PBXFrameworksBuildPhase section */
		5E97BD6C2140DC30007AD34C /* Frameworks */ = {
			isa = PBXFrameworksBuildPhase;
			buildActionMask = 2147483647;
			files = (
			);
			runOnlyForDeploymentPostprocessing = 0;
		};
		5E97BD802140DC31007AD34C /* Frameworks */ = {
			isa = PBXFrameworksBuildPhase;
			buildActionMask = 2147483647;
			files = (
			);
			runOnlyForDeploymentPostprocessing = 0;
		};
		5E97BD8B2140DC31007AD34C /* Frameworks */ = {
			isa = PBXFrameworksBuildPhase;
			buildActionMask = 2147483647;
			files = (
			);
			runOnlyForDeploymentPostprocessing = 0;
		};
/* End PBXFrameworksBuildPhase section */

/* Begin PBXGroup section */
		5E97BD662140DC30007AD34C = {
			isa = PBXGroup;
			children = (
				5E97BD712140DC30007AD34C /* TicTacToe */,
				5E97BD862140DC31007AD34C /* TicTacToeTests */,
				5E97BD912140DC31007AD34C /* TicTacToeUITests */,
				5E97BD702140DC30007AD34C /* Products */,
			);
			sourceTree = "<group>";
		};
		5E97BD702140DC30007AD34C /* Products */ = {
			isa = PBXGroup;
			children = (
				5E97BD6F2140DC30007AD34C /* TicTacToe.app */,
				5E97BD832140DC31007AD34C /* TicTacToeTests.xctest */,
				5E97BD8E2140DC31007AD34C /* TicTacToeUITests.xctest */,
			);
			name = Products;
			sourceTree = "<group>";
		};
		5E97BD712140DC30007AD34C /* TicTacToe */ = {
			isa = PBXGroup;
			children = (
				5E97BD722140DC30007AD34C /* AppDelegate.swift */,
				5E97BD742140DC30007AD34C /* ViewController.swift */,
				5E97BD762140DC30007AD34C /* Main.storyboard */,
				5E97BD792140DC31007AD34C /* Assets.xcassets */,
				5E97BD7B2140DC31007AD34C /* LaunchScreen.storyboard */,
				5E97BD7E2140DC31007AD34C /* Info.plist */,
			);
			path = TicTacToe;
			sourceTree = "<group>";
		};
		5E97BD862140DC31007AD34C /* TicTacToeTests */ = {
			isa = PBXGroup;
			children = (
				5E97BD872140DC31007AD34C /* TicTacToeTests.swift */,
				5E97BD892140DC31007AD34C /* Info.plist */,
			);
			path = TicTacToeTests;
			sourceTree = "<group>";
		};
		5E97BD912140DC31007AD34C /* TicTacToeUITests */ = {
			isa = PBXGroup;
			children = (
				5E97BD922140DC31007AD34C /* TicTacToeUITests.swift */,
				5E97BD942140DC31007AD34C /* Info.plist */,
			);
			path = TicTacToeUITests;
			sourceTree = "<group>";
		};
/* End PBXGroup section */

/* Begin PBXNativeTarget section */
		5E97BD6E2140DC30007AD34C /* TicTacToe */ = {
			isa = PBXNativeTarget;
			buildConfigurationList = 5E97BD972140DC31007AD34C /* Build configuration list for PBXNativeTarget "TicTacToe" */;
			buildPhases = (
				5E97BD6B2140DC30007AD34C /* Sources */,
				5E97BD6C2140DC30007AD34C /* Frameworks */,
				5E97BD6D2140DC30007AD34C /* Resources */,
			);
			buildRules = (
			);
			dependencies = (
			);
			name = TicTacToe;
			productName = TicTacToe;
			productReference = 5E97BD6F2140DC30007AD34C /* TicTacToe.app */;
			productType = "com.apple.product-type.application";
		};
		5E97BD822140DC31007AD34C /* TicTacToeTests */ = {
			isa = PBXNativeTarget;
			buildConfigurationList = 5E97BD9A2140DC31007AD34C /* Build configuration list for PBXNativeTarget "TicTacToeTests" */;
			buildPhases = (
				5E97BD7F2140DC31007AD34C /* Sources */,
				5E97BD802140DC31007AD34C /* Frameworks */,
				5E97BD812140DC31007AD34C /* Resources */,
			);
			buildRules = (
			);
			dependencies = (
				5E97BD852140DC31007AD34C /* PBXTargetDependency */,
			);
			name = TicTacToeTests;
			productName = TicTacToeTests;
			productReference = 5E97BD832140DC31007AD34C /* TicTacToeTests.xctest */;
			productType = "com.apple.product-type.bundle.unit-test";
		};
		5E97BD8D2140DC31007AD34C /* TicTacToeUITests */ = {
			isa = PBXNativeTarget;
			buildConfigurationList = 5E97BD9D2140DC31007AD34C /* Build configuration list for PBXNativeTarget "TicTacToeUITests" */;
			buildPhases = (
				5E97BD8A2140DC31007AD34C /* Sources */,
				5E97BD8B2140DC31007AD34C /* Frameworks */,
				5E97BD8C2140DC31007AD34C /* Resources */,
			);
			buildRules = (
			);
			dependencies = (
				5E97BD902140DC31007AD34C /* PBXTargetDependency */,
			);
			name = TicTacToeUITests;
			productName = TicTacToeUITests;
			productReference = 5E97BD8E2140DC31007AD34C /* TicTacToeUITests.xctest */;
			productType = "com.apple.product-type.bundle.ui-testing";
		};
/* End PBXNativeTarget section */

/* Begin PBXProject section */
		5E97BD672140DC30007AD34C /* Project object */ = {
			isa = PBXProject;
			attributes = {
				LastSwiftUpdateCheck = 0940;
				LastUpgradeCheck = 0940;
				ORGANIZATIONNAME = "Isabell Frischmann";
				TargetAttributes = {
					5E97BD6E2140DC30007AD34C = {
						CreatedOnToolsVersion = 9.4.1;
					};
					5E97BD822140DC31007AD34C = {
						CreatedOnToolsVersion = 9.4.1;
						TestTargetID = 5E97BD6E2140DC30007AD34C;
					};
					5E97BD8D2140DC31007AD34C = {
						CreatedOnToolsVersion = 9.4.1;
						TestTargetID = 5E97BD6E2140DC30007AD34C;
					};
				};
			};
			buildConfigurationList = 5E97BD6A2140DC30007AD34C /* Build configuration list for PBXProject "TicTacToe" */;
			compatibilityVersion = "Xcode 9.3";
			developmentRegion = en;
			hasScannedForEncodings = 0;
			knownRegions = (
				en,
				Base,
			);
			mainGroup = 5E97BD662140DC30007AD34C;
			productRefGroup = 5E97BD702140DC30007AD34C /* Products */;
			projectDirPath = "";
			projectRoot = "";
			targets = (
				5E97BD6E2140DC30007AD34C /* TicTacToe */,
				5E97BD822140DC31007AD34C /* TicTacToeTests */,
				5E97BD8D2140DC31007AD34C /* TicTacToeUITests */,
			);
		};
/* End PBXProject section */

/* Begin PBXResourcesBuildPhase section */
		5E97BD6D2140DC30007AD34C /* Resources */ = {
			isa = PBXResourcesBuildPhase;
			buildActionMask = 2147483647;
			files = (
				5E97BD7D2140DC31007AD34C /* LaunchScreen.storyboard in Resources */,
				5E97BD7A2140DC31007AD34C /* Assets.xcassets in Resources */,
				5E97BD782140DC30007AD34C /* Main.storyboard in Resources */,
			);
			runOnlyForDeploymentPostprocessing = 0;
		};
		5E97BD812140DC31007AD34C /* Resources */ = {
			isa = PBXResourcesBuildPhase;
			buildActionMask = 2147483647;
			files = (
			);
			runOnlyForDeploymentPostprocessing = 0;
		};
		5E97BD8C2140DC31007AD34C /* Resources */ = {
			isa = PBXResourcesBuildPhase;
			buildActionMask = 2147483647;
			files = (
			);
			runOnlyForDeploymentPostprocessing = 0;
		};
/* End PBXResourcesBuildPhase section */

/* Begin PBXSourcesBuildPhase section */
		5E97BD6B2140DC30007AD34C /* Sources */ = {
			isa = PBXSourcesBuildPhase;
			buildActionMask = 2147483647;
			files = (
				5E97BD752140DC30007AD34C /* ViewController.swift in Sources */,
				5E97BD732140DC30007AD34C /* AppDelegate.swift in Sources */,
			);
			runOnlyForDeploymentPostprocessing = 0;
		};
		5E97BD7F2140DC31007AD34C /* Sources */ = {
			isa = PBXSourcesBuildPhase;
			buildActionMask = 2147483647;
			files = (
				5E97BD882140DC31007AD34C /* TicTacToeTests.swift in Sources */,
			);
			runOnlyForDeploymentPostprocessing = 0;
		};
		5E97BD8A2140DC31007AD34C /* Sources */ = {
			isa = PBXSourcesBuildPhase;
			buildActionMask = 2147483647;
			files = (
				5E97BD932140DC31007AD34C /* TicTacToeUITests.swift in Sources */,
			);
			runOnlyForDeploymentPostprocessing = 0;
		};
/* End PBXSourcesBuildPhase section */

/* Begin PBXTargetDependency section */
		5E97BD852140DC31007AD34C /* PBXTargetDependency */ = {
			isa = PBXTargetDependency;
			target = 5E97BD6E2140DC30007AD34C /* TicTacToe */;
			targetProxy = 5E97BD842140DC31007AD34C /* PBXContainerItemProxy */;
		};
		5E97BD902140DC31007AD34C /* PBXTargetDependency */ = {
			isa = PBXTargetDependency;
			target = 5E97BD6E2140DC30007AD34C /* TicTacToe */;
			targetProxy = 5E97BD8F2140DC31007AD34C /* PBXContainerItemProxy */;
		};
/* End PBXTargetDependency section */

/* Begin PBXVariantGroup section */
		5E97BD762140DC30007AD34C /* Main.storyboard */ = {
			isa = PBXVariantGroup;
			children = (
				5E97BD772140DC30007AD34C /* Base */,
			);
			name = Main.storyboard;
			sourceTree = "<group>";
		};
		5E97BD7B2140DC31007AD34C /* LaunchScreen.storyboard */ = {
			isa = PBXVariantGroup;
			children = (
				5E97BD7C2140DC31007AD34C /* Base */,
			);
			name = LaunchScreen.storyboard;
			sourceTree = "<group>";
		};
/* End PBXVariantGroup section */

/* Begin XCBuildConfiguration section */
		5E97BD952140DC31007AD34C /* Debug */ = {
			isa = XCBuildConfiguration;
			buildSettings = {
				ALWAYS_SEARCH_USER_PATHS = NO;
				CLANG_ANALYZER_NONNULL = YES;
				CLANG_ANALYZER_NUMBER_OBJECT_CONVERSION = YES_AGGRESSIVE;
				CLANG_CXX_LANGUAGE_STANDARD = "gnu++14";
				CLANG_CXX_LIBRARY = "libc++";
				CLANG_ENABLE_MODULES = YES;
				CLANG_ENABLE_OBJC_ARC = YES;
				CLANG_ENABLE_OBJC_WEAK = YES;
				CLANG_WARN_BLOCK_CAPTURE_AUTORELEASING = YES;
				CLANG_WARN_BOOL_CONVERSION = YES;
				CLANG_WARN_COMMA = YES;
				CLANG_WARN_CONSTANT_CONVERSION = YES;
				CLANG_WARN_DEPRECATED_OBJC_IMPLEMENTATIONS = YES;
				CLANG_WARN_DIRECT_OBJC_ISA_USAGE = YES_ERROR;
				CLANG_WARN_DOCUMENTATION_COMMENTS = YES;
				CLANG_WARN_EMPTY_BODY = YES;
				CLANG_WARN_ENUM_CONVERSION = YES;
				CLANG_WARN_INFINITE_RECURSION = YES;
				CLANG_WARN_INT_CONVERSION = YES;
				CLANG_WARN_NON_LITERAL_NULL_CONVERSION = YES;
				CLANG_WARN_OBJC_IMPLICIT_RETAIN_SELF = YES;
				CLANG_WARN_OBJC_LITERAL_CONVERSION = YES;
				CLANG_WARN_OBJC_ROOT_CLASS = YES_ERROR;
				CLANG_WARN_RANGE_LOOP_ANALYSIS = YES;
				CLANG_WARN_STRICT_PROTOTYPES = YES;
				CLANG_WARN_SUSPICIOUS_MOVE = YES;
				CLANG_WARN_UNGUARDED_AVAILABILITY = YES_AGGRESSIVE;
				CLANG_WARN_UNREACHABLE_CODE = YES;
				CLANG_WARN__DUPLICATE_METHOD_MATCH = YES;
				CODE_SIGN_IDENTITY = "iPhone Developer";
				COPY_PHASE_STRIP = NO;
				DEBUG_INFORMATION_FORMAT = dwarf;
				ENABLE_STRICT_OBJC_MSGSEND = YES;
				ENABLE_TESTABILITY = YES;
				GCC_C_LANGUAGE_STANDARD = gnu11;
				GCC_DYNAMIC_NO_PIC = NO;
				GCC_NO_COMMON_BLOCKS = YES;
				GCC_OPTIMIZATION_LEVEL = 0;
				GCC_PREPROCESSOR_DEFINITIONS = (
					"DEBUG=1",
					"$(inherited)",
				);
				GCC_WARN_64_TO_32_BIT_CONVERSION = YES;
				GCC_WARN_ABOUT_RETURN_TYPE = YES_ERROR;
				GCC_WARN_UNDECLARED_SELECTOR = YES;
				GCC_WARN_UNINITIALIZED_AUTOS = YES_AGGRESSIVE;
				GCC_WARN_UNUSED_FUNCTION = YES;
				GCC_WARN_UNUSED_VARIABLE = YES;
				IPHONEOS_DEPLOYMENT_TARGET = 11.4;
				MTL_ENABLE_DEBUG_INFO = YES;
				ONLY_ACTIVE_ARCH = YES;
				SDKROOT = iphoneos;
				SWIFT_ACTIVE_COMPILATION_CONDITIONS = DEBUG;
				SWIFT_OPTIMIZATION_LEVEL = "-Onone";
			};
			name = Debug;
		};
		5E97BD962140DC31007AD34C /* Release */ = {
			isa = XCBuildConfiguration;
			buildSettings = {
				ALWAYS_SEARCH_USER_PATHS = NO;
				CLANG_ANALYZER_NONNULL = YES;
				CLANG_ANALYZER_NUMBER_OBJECT_CONVERSION = YES_AGGRESSIVE;
				CLANG_CXX_LANGUAGE_STANDARD = "gnu++14";
				CLANG_CXX_LIBRARY = "libc++";
				CLANG_ENABLE_MODULES = YES;
				CLANG_ENABLE_OBJC_ARC = YES;
				CLANG_ENABLE_OBJC_WEAK = YES;
				CLANG_WARN_BLOCK_CAPTURE_AUTORELEASING = YES;
				CLANG_WARN_BOOL_CONVERSION = YES;
				CLANG_WARN_COMMA = YES;
				CLANG_WARN_CONSTANT_CONVERSION = YES;
				CLANG_WARN_DEPRECATED_OBJC_IMPLEMENTATIONS = YES;
				CLANG_WARN_DIRECT_OBJC_ISA_USAGE = YES_ERROR;
				CLANG_WARN_DOCUMENTATION_COMMENTS = YES;
				CLANG_WARN_EMPTY_BODY = YES;
				CLANG_WARN_ENUM_CONVERSION = YES;
				CLANG_WARN_INFINITE_RECURSION = YES;
				CLANG_WARN_INT_CONVERSION = YES;
				CLANG_WARN_NON_LITERAL_NULL_CONVERSION = YES;
				CLANG_WARN_OBJC_IMPLICIT_RETAIN_SELF = YES;
				CLANG_WARN_OBJC_LITERAL_CONVERSION = YES;
				CLANG_WARN_OBJC_ROOT_CLASS = YES_ERROR;
				CLANG_WARN_RANGE_LOOP_ANALYSIS = YES;
				CLANG_WARN_STRICT_PROTOTYPES = YES;
				CLANG_WARN_SUSPICIOUS_MOVE = YES;
				CLANG_WARN_UNGUARDED_AVAILABILITY = YES_AGGRESSIVE;
				CLANG_WARN_UNREACHABLE_CODE = YES;
				CLANG_WARN__DUPLICATE_METHOD_MATCH = YES;
				CODE_SIGN_IDENTITY = "iPhone Developer";
				COPY_PHASE_STRIP = NO;
				DEBUG_INFORMATION_FORMAT = "dwarf-with-dsym";
				ENABLE_NS_ASSERTIONS = NO;
				ENABLE_STRICT_OBJC_MSGSEND = YES;
				GCC_C_LANGUAGE_STANDARD = gnu11;
				GCC_NO_COMMON_BLOCKS = YES;
				GCC_WARN_64_TO_32_BIT_CONVERSION = YES;
				GCC_WARN_ABOUT_RETURN_TYPE = YES_ERROR;
				GCC_WARN_UNDECLARED_SELECTOR = YES;
				GCC_WARN_UNINITIALIZED_AUTOS = YES_AGGRESSIVE;
				GCC_WARN_UNUSED_FUNCTION = YES;
				GCC_WARN_UNUSED_VARIABLE = YES;
				IPHONEOS_DEPLOYMENT_TARGET = 11.4;
				MTL_ENABLE_DEBUG_INFO = NO;
				SDKROOT = iphoneos;
				SWIFT_COMPILATION_MODE = wholemodule;
				SWIFT_OPTIMIZATION_LEVEL = "-O";
				VALIDATE_PRODUCT = YES;
			};
			name = Release;
		};
		5E97BD982140DC31007AD34C /* Debug */ = {
			isa = XCBuildConfiguration;
			buildSettings = {
				ASSETCATALOG_COMPILER_APPICON_NAME = AppIcon;
				CODE_SIGN_STYLE = Automatic;
				DEVELOPMENT_TEAM = 99Q8L2A6M6;
				INFOPLIST_FILE = TicTacToe/Info.plist;
				LD_RUNPATH_SEARCH_PATHS = (
					"$(inherited)",
					"@executable_path/Frameworks",
				);
				PRODUCT_BUNDLE_IDENTIFIER = com.isabellfrischmann.TicTacToe;
				PRODUCT_NAME = "$(TARGET_NAME)";
				SWIFT_VERSION = 4.0;
				TARGETED_DEVICE_FAMILY = "1,2";
			};
			name = Debug;
		};
		5E97BD992140DC31007AD34C /* Release */ = {
			isa = XCBuildConfiguration;
			buildSettings = {
				ASSETCATALOG_COMPILER_APPICON_NAME = AppIcon;
				CODE_SIGN_STYLE = Automatic;
				DEVELOPMENT_TEAM = 99Q8L2A6M6;
				INFOPLIST_FILE = TicTacToe/Info.plist;
				LD_RUNPATH_SEARCH_PATHS = (
					"$(inherited)",
					"@executable_path/Frameworks",
				);
				PRODUCT_BUNDLE_IDENTIFIER = com.isabellfrischmann.TicTacToe;
				PRODUCT_NAME = "$(TARGET_NAME)";
				SWIFT_VERSION = 4.0;
				TARGETED_DEVICE_FAMILY = "1,2";
			};
			name = Release;
		};
		5E97BD9B2140DC31007AD34C /* Debug */ = {
			isa = XCBuildConfiguration;
			buildSettings = {
				ALWAYS_EMBED_SWIFT_STANDARD_LIBRARIES = YES;
				BUNDLE_LOADER = "$(TEST_HOST)";
				CODE_SIGN_STYLE = Automatic;
				DEVELOPMENT_TEAM = 99Q8L2A6M6;
				INFOPLIST_FILE = TicTacToeTests/Info.plist;
				LD_RUNPATH_SEARCH_PATHS = (
					"$(inherited)",
					"@executable_path/Frameworks",
					"@loader_path/Frameworks",
				);
				PRODUCT_BUNDLE_IDENTIFIER = com.isabellfrischmann.TicTacToeTests;
				PRODUCT_NAME = "$(TARGET_NAME)";
				SWIFT_VERSION = 4.0;
				TARGETED_DEVICE_FAMILY = "1,2";
				TEST_HOST = "$(BUILT_PRODUCTS_DIR)/TicTacToe.app/TicTacToe";
			};
			name = Debug;
		};
		5E97BD9C2140DC31007AD34C /* Release */ = {
			isa = XCBuildConfiguration;
			buildSettings = {
				ALWAYS_EMBED_SWIFT_STANDARD_LIBRARIES = YES;
				BUNDLE_LOADER = "$(TEST_HOST)";
				CODE_SIGN_STYLE = Automatic;
				DEVELOPMENT_TEAM = 99Q8L2A6M6;
				INFOPLIST_FILE = TicTacToeTests/Info.plist;
				LD_RUNPATH_SEARCH_PATHS = (
					"$(inherited)",
					"@executable_path/Frameworks",
					"@loader_path/Frameworks",
				);
				PRODUCT_BUNDLE_IDENTIFIER = com.isabellfrischmann.TicTacToeTests;
				PRODUCT_NAME = "$(TARGET_NAME)";
				SWIFT_VERSION = 4.0;
				TARGETED_DEVICE_FAMILY = "1,2";
				TEST_HOST = "$(BUILT_PRODUCTS_DIR)/TicTacToe.app/TicTacToe";
			};
			name = Release;
		};
		5E97BD9E2140DC31007AD34C /* Debug */ = {
			isa = XCBuildConfiguration;
			buildSettings = {
				ALWAYS_EMBED_SWIFT_STANDARD_LIBRARIES = YES;
				CODE_SIGN_STYLE = Automatic;
				DEVELOPMENT_TEAM = 99Q8L2A6M6;
				INFOPLIST_FILE = TicTacToeUITests/Info.plist;
				LD_RUNPATH_SEARCH_PATHS = (
					"$(inherited)",
					"@executable_path/Frameworks",
					"@loader_path/Frameworks",
				);
				PRODUCT_BUNDLE_IDENTIFIER = com.isabellfrischmann.TicTacToeUITests;
				PRODUCT_NAME = "$(TARGET_NAME)";
				SWIFT_VERSION = 4.0;
				TARGETED_DEVICE_FAMILY = "1,2";
				TEST_TARGET_NAME = TicTacToe;
			};
			name = Debug;
		};
		5E97BD9F2140DC31007AD34C /* Release */ = {
			isa = XCBuildConfiguration;
			buildSettings = {
				ALWAYS_EMBED_SWIFT_STANDARD_LIBRARIES = YES;
				CODE_SIGN_STYLE = Automatic;
				DEVELOPMENT_TEAM = 99Q8L2A6M6;
				INFOPLIST_FILE = TicTacToeUITests/Info.plist;
				LD_RUNPATH_SEARCH_PATHS = (
					"$(inherited)",
					"@executable_path/Frameworks",
					"@loader_path/Frameworks",
				);
				PRODUCT_BUNDLE_IDENTIFIER = com.isabellfrischmann.TicTacToeUITests;
				PRODUCT_NAME = "$(TARGET_NAME)";
				SWIFT_VERSION = 4.0;
				TARGETED_DEVICE_FAMILY = "1,2";
				TEST_TARGET_NAME = TicTacToe;
			};
			name = Release;
		};
/* End XCBuildConfiguration section */

/* Begin XCConfigurationList section */
		5E97BD6A2140DC30007AD34C /* Build configuration list for PBXProject "TicTacToe" */ = {
			isa = XCConfigurationList;
			buildConfigurations = (
				5E97BD952140DC31007AD34C /* Debug */,
				5E97BD962140DC31007AD34C /* Release */,
			);
			defaultConfigurationIsVisible = 0;
			defaultConfigurationName = Release;
		};
		5E97BD972140DC31007AD34C /* Build configuration list for PBXNativeTarget "TicTacToe" */ = {
			isa = XCConfigurationList;
			buildConfigurations = (
				5E97BD982140DC31007AD34C /* Debug */,
				5E97BD992140DC31007AD34C /* Release */,
			);
			defaultConfigurationIsVisible = 0;
			defaultConfigurationName = Release;
		};
		5E97BD9A2140DC31007AD34C /* Build configuration list for PBXNativeTarget "TicTacToeTests" */ = {
			isa = XCConfigurationList;
			buildConfigurations = (
				5E97BD9B2140DC31007AD34C /* Debug */,
				5E97BD9C2140DC31007AD34C /* Release */,
			);
			defaultConfigurationIsVisible = 0;
			defaultConfigurationName = Release;
		};
		5E97BD9D2140DC31007AD34C /* Build configuration list for PBXNativeTarget "TicTacToeUITests" */ = {
			isa = XCConfigurationList;
			buildConfigurations = (
				5E97BD9E2140DC31007AD34C /* Debug */,
				5E97BD9F2140DC31007AD34C /* Release */,
			);
			defaultConfigurationIsVisible = 0;
			defaultConfigurationName = Release;
		};
/* End XCConfigurationList section */
	};
	rootObject = 5E97BD672140DC30007AD34C /* Project object */;
}
